
Microsoft Visual Studio Solution File, Format Version 12.00
# Visual Studio Version 16
VisualStudioVersion = 16.0.810.18
MinimumVisualStudioVersion = 10.0.40219.1
Project("{FAE04EC0-301F-11D3-BF4B-00C04F79EFBC}") = "Movies.API", "Movies.API\Movies.API.csproj", "{A802E679-3FCC-48F6-86F7-7D3C729D9053}"
EndProject
Project("{FAE04EC0-301F-11D3-BF4B-00C04F79EFBC}") = "identityServer", "identityServer\identityServer.csproj", "{4A6B2BEB-935B-4DF2-AFB1-6C9A592821BE}"
EndProject
Project("{FAE04EC0-301F-11D3-BF4B-00C04F79EFBC}") = "Movies.Client", "Movies.Client\Movies.Client.csproj", "{0297DC19-9019-4EC7-B9F9-1C833E5F5B50}"
EndProject
Global
	GlobalSection(SolutionConfigurationPlatforms) = preSolution
		Debug|Any CPU = Debug|Any CPU
		Release|Any CPU = Release|Any CPU
	EndGlobalSection
	GlobalSection(ProjectConfigurationPlatforms) = postSolution
		{A802E679-3FCC-48F6-86F7-7D3C729D9053}.Debug|Any CPU.ActiveCfg = Debug|Any CPU
		{A802E679-3FCC-48F6-86F7-7D3C729D9053}.Debug|Any CPU.Build.0 = Debug|Any CPU
		{A802E679-3FCC-48F6-86F7-7D3C729D9053}.Release|Any CPU.ActiveCfg = Release|Any CPU
		{A802E679-3FCC-48F6-86F7-7D3C729D9053}.Release|Any CPU.Build.0 = Release|Any CPU
		{4A6B2BEB-935B-4DF2-AFB1-6C9A592821BE}.Debug|Any CPU.ActiveCfg = Debug|Any CPU
		{4A6B2BEB-935B-4DF2-AFB1-6C9A592821BE}.Debug|Any CPU.Build.0 = Debug|Any CPU
		{4A6B2BEB-935B-4DF2-AFB1-6C9A592821BE}.Release|Any CPU.ActiveCfg = Release|Any CPU
		{4A6B2BEB-935B-4DF2-AFB1-6C9A592821BE}.Release|Any CPU.Build.0 = Release|Any CPU
		{0297DC19-9019-4EC7-B9F9-1C833E5F5B50}.Debug|Any CPU.ActiveCfg = Debug|Any CPU
		{0297DC19-9019-4EC7-B9F9-1C833E5F5B50}.Debug|Any CPU.Build.0 = Debug|Any CPU
		{0297DC19-9019-4EC7-B9F9-1C833E5F5B50}.Release|Any CPU.ActiveCfg = Release|Any CPU
		{0297DC19-9019-4EC7-B9F9-1C833E5F5B50}.Release|Any CPU.Build.0 = Release|Any CPU
	EndGlobalSection
	GlobalSection(SolutionProperties) = preSolution
		HideSolutionNode = FALSE
	EndGlobalSection
	GlobalSection(ExtensibilityGlobals) = postSolution
		SolutionGuid = {45DA93BE-64D3-4581-BDFF-224CD865980A}
	EndGlobalSection
EndGlobal
